
Microsoft Visual Studio Solution File, Format Version 12.00
# Visual Studio Version 16
VisualStudioVersion = 16.0.29519.181
MinimumVisualStudioVersion = 10.0.40219.1
Project("{FAE04EC0-301F-11D3-BF4B-00C04F79EFBC}") = "QuickJobsMVC", "QuickJobsMVC\QuickJobsMVC.csproj", "{F84A2792-A83B-4B6A-B099-625859EA11D0}"
EndProject
Global
	GlobalSection(SolutionConfigurationPlatforms) = preSolution
		Debug|Any CPU = Debug|Any CPU
		Release|Any CPU = Release|Any CPU
	EndGlobalSection
	GlobalSection(ProjectConfigurationPlatforms) = postSolution
		{F84A2792-A83B-4B6A-B099-625859EA11D0}.Debug|Any CPU.ActiveCfg = Debug|Any CPU
		{F84A2792-A83B-4B6A-B099-625859EA11D0}.Debug|Any CPU.Build.0 = Debug|Any CPU
		{F84A2792-A83B-4B6A-B099-625859EA11D0}.Release|Any CPU.ActiveCfg = Release|Any CPU
		{F84A2792-A83B-4B6A-B099-625859EA11D0}.Release|Any CPU.Build.0 = Release|Any CPU
	EndGlobalSection
	GlobalSection(SolutionProperties) = preSolution
		HideSolutionNode = FALSE
	EndGlobalSection
	GlobalSection(ExtensibilityGlobals) = postSolution
		SolutionGuid = {BA897D68-9E98-4B3D-888D-34AE3DD20B4F}
	EndGlobalSection
EndGlobal
